
Microsoft Visual Studio Solution File, Format Version 12.00
# Visual Studio Version 16
VisualStudioVersion = 16.0.30503.244
MinimumVisualStudioVersion = 10.0.40219.1
Project("{FAE04EC0-301F-11D3-BF4B-00C04F79EFBC}") = "23.11", "23.11\23.11.csproj", "{D6BCDD2A-3B35-4B95-AFBE-00380D1A8708}"
EndProject
Global
	GlobalSection(SolutionConfigurationPlatforms) = preSolution
		Debug|Any CPU = Debug|Any CPU
		Release|Any CPU = Release|Any CPU
	EndGlobalSection
	GlobalSection(ProjectConfigurationPlatforms) = postSolution
		{D6BCDD2A-3B35-4B95-AFBE-00380D1A8708}.Debug|Any CPU.ActiveCfg = Debug|Any CPU
		{D6BCDD2A-3B35-4B95-AFBE-00380D1A8708}.Debug|Any CPU.Build.0 = Debug|Any CPU
		{D6BCDD2A-3B35-4B95-AFBE-00380D1A8708}.Release|Any CPU.ActiveCfg = Release|Any CPU
		{D6BCDD2A-3B35-4B95-AFBE-00380D1A8708}.Release|Any CPU.Build.0 = Release|Any CPU
	EndGlobalSection
	GlobalSection(SolutionProperties) = preSolution
		HideSolutionNode = FALSE
	EndGlobalSection
	GlobalSection(ExtensibilityGlobals) = postSolution
		SolutionGuid = {3AD98446-0B87-4E4B-A000-867925764D6E}
	EndGlobalSection
EndGlobal
